
Microsoft Visual Studio Solution File, Format Version 12.00
# Visual Studio 14
VisualStudioVersion = 14.0.25420.1
MinimumVisualStudioVersion = 10.0.40219.1
Project("{8BC9CEB8-8B4A-11D0-8D11-00A0C91BC942}") = "ksm", "ksm\ksm.vcxproj", "{A6906F8A-279E-439B-8B7A-74AFF4B82502}"
EndProject
Project("{8BC9CEB8-8B4A-11D0-8D11-00A0C91BC942}") = "ksm_tests", "ksm_tests\ksm_tests.vcxproj", "{05C0BBF7-43B5-4056-A556-7644A9B34C1A}"
EndProject
Global
	GlobalSection(SolutionConfigurationPlatforms) = preSolution
		Debug|x64 = Debug|x64
		Release|x64 = Release|x64
	EndGlobalSection
	GlobalSection(ProjectConfigurationPlatforms) = postSolution
		{A6906F8A-279E-439B-8B7A-74AFF4B82502}.Debug|x64.ActiveCfg = Debug|x64
		{A6906F8A-279E-439B-8B7A-74AFF4B82502}.Release|x64.ActiveCfg = Debug|x64
		{05C0BBF7-43B5-4056-A556-7644A9B34C1A}.Debug|x64.ActiveCfg = Debug|x64
		{05C0BBF7-43B5-4056-A556-7644A9B34C1A}.Debug|x64.Build.0 = Debug|x64
		{05C0BBF7-43B5-4056-A556-7644A9B34C1A}.Debug|x64.Deploy.0 = Debug|x64
		{05C0BBF7-43B5-4056-A556-7644A9B34C1A}.Release|x64.ActiveCfg = Release|x64
		{05C0BBF7-43B5-4056-A556-7644A9B34C1A}.Release|x64.Build.0 = Release|x64
		{05C0BBF7-43B5-4056-A556-7644A9B34C1A}.Release|x64.Deploy.0 = Release|x64
	EndGlobalSection
	GlobalSection(SolutionProperties) = preSolution
		HideSolutionNode = FALSE
	EndGlobalSection
EndGlobal
